
Microsoft Visual Studio Solution File, Format Version 12.00
# Visual Studio Version 16
VisualStudioVersion = 16.0.32126.315
MinimumVisualStudioVersion = 10.0.40219.1
Project("{F184B08F-C81C-45F6-A57F-5ABD9991F28F}") = "201701173_ENVIOS", "201701173_ENVIOS.vbproj", "{CEA06F75-3F70-4224-85C9-54DD56B2C778}"
EndProject
Global
	GlobalSection(SolutionConfigurationPlatforms) = preSolution
		Debug|Any CPU = Debug|Any CPU
		Release|Any CPU = Release|Any CPU
	EndGlobalSection
	GlobalSection(ProjectConfigurationPlatforms) = postSolution
		{CEA06F75-3F70-4224-85C9-54DD56B2C778}.Debug|Any CPU.ActiveCfg = Debug|Any CPU
		{CEA06F75-3F70-4224-85C9-54DD56B2C778}.Debug|Any CPU.Build.0 = Debug|Any CPU
		{CEA06F75-3F70-4224-85C9-54DD56B2C778}.Release|Any CPU.ActiveCfg = Release|Any CPU
		{CEA06F75-3F70-4224-85C9-54DD56B2C778}.Release|Any CPU.Build.0 = Release|Any CPU
	EndGlobalSection
	GlobalSection(SolutionProperties) = preSolution
		HideSolutionNode = FALSE
	EndGlobalSection
	GlobalSection(ExtensibilityGlobals) = postSolution
		SolutionGuid = {98F68DD3-E974-41E0-AE52-71AEEC0425B7}
	EndGlobalSection
EndGlobal
