
Microsoft Visual Studio Solution File, Format Version 12.00
# Visual Studio Version 16
VisualStudioVersion = 16.0.32126.315
MinimumVisualStudioVersion = 10.0.40219.1
Project("{F184B08F-C81C-45F6-A57F-5ABD9991F28F}") = "201701173_HOTEL", "201701173_HOTEL.vbproj", "{09574AB7-22A2-4B71-956A-6ED47813F5BD}"
EndProject
Global
	GlobalSection(SolutionConfigurationPlatforms) = preSolution
		Debug|Any CPU = Debug|Any CPU
		Release|Any CPU = Release|Any CPU
	EndGlobalSection
	GlobalSection(ProjectConfigurationPlatforms) = postSolution
		{09574AB7-22A2-4B71-956A-6ED47813F5BD}.Debug|Any CPU.ActiveCfg = Debug|Any CPU
		{09574AB7-22A2-4B71-956A-6ED47813F5BD}.Debug|Any CPU.Build.0 = Debug|Any CPU
		{09574AB7-22A2-4B71-956A-6ED47813F5BD}.Release|Any CPU.ActiveCfg = Release|Any CPU
		{09574AB7-22A2-4B71-956A-6ED47813F5BD}.Release|Any CPU.Build.0 = Release|Any CPU
	EndGlobalSection
	GlobalSection(SolutionProperties) = preSolution
		HideSolutionNode = FALSE
	EndGlobalSection
	GlobalSection(ExtensibilityGlobals) = postSolution
		SolutionGuid = {5069DFE3-9DC7-4699-B172-A564F0B1F4EA}
	EndGlobalSection
EndGlobal
